
Microsoft Visual Studio Solution File, Format Version 12.00
# Visual Studio Version 17
VisualStudioVersion = 17.8.34322.80
MinimumVisualStudioVersion = 10.0.40219.1
Project("{FAE04EC0-301F-11D3-BF4B-00C04F79EFBC}") = "Gp.Api", "Gp.Api\Gp.Api.csproj", "{7E45529C-F1C6-45D8-915F-DA388B92A950}"
EndProject
Project("{FAE04EC0-301F-11D3-BF4B-00C04F79EFBC}") = "GP.Core", "GP.Core\GP.Core.csproj", "{09915A05-B20B-4913-BAD4-D8B56624F1C4}"
EndProject
Project("{FAE04EC0-301F-11D3-BF4B-00C04F79EFBC}") = "GP.Repository", "GP.Repository\GP.Repository.csproj", "{025D7A1E-6169-43D3-80E1-FDD0D670B28D}"
EndProject
Project("{FAE04EC0-301F-11D3-BF4B-00C04F79EFBC}") = "GP.Services", "GP.Services\GP.Services.csproj", "{AEBEBD43-0057-440C-95CA-9F39AACEB2EE}"
EndProject
Global
	GlobalSection(SolutionConfigurationPlatforms) = preSolution
		Debug|Any CPU = Debug|Any CPU
		Release|Any CPU = Release|Any CPU
	EndGlobalSection
	GlobalSection(ProjectConfigurationPlatforms) = postSolution
		{7E45529C-F1C6-45D8-915F-DA388B92A950}.Debug|Any CPU.ActiveCfg = Debug|Any CPU
		{7E45529C-F1C6-45D8-915F-DA388B92A950}.Debug|Any CPU.Build.0 = Debug|Any CPU
		{7E45529C-F1C6-45D8-915F-DA388B92A950}.Release|Any CPU.ActiveCfg = Release|Any CPU
		{7E45529C-F1C6-45D8-915F-DA388B92A950}.Release|Any CPU.Build.0 = Release|Any CPU
		{09915A05-B20B-4913-BAD4-D8B56624F1C4}.Debug|Any CPU.ActiveCfg = Debug|Any CPU
		{09915A05-B20B-4913-BAD4-D8B56624F1C4}.Debug|Any CPU.Build.0 = Debug|Any CPU
		{09915A05-B20B-4913-BAD4-D8B56624F1C4}.Release|Any CPU.ActiveCfg = Release|Any CPU
		{09915A05-B20B-4913-BAD4-D8B56624F1C4}.Release|Any CPU.Build.0 = Release|Any CPU
		{025D7A1E-6169-43D3-80E1-FDD0D670B28D}.Debug|Any CPU.ActiveCfg = Debug|Any CPU
		{025D7A1E-6169-43D3-80E1-FDD0D670B28D}.Debug|Any CPU.Build.0 = Debug|Any CPU
		{025D7A1E-6169-43D3-80E1-FDD0D670B28D}.Release|Any CPU.ActiveCfg = Release|Any CPU
		{025D7A1E-6169-43D3-80E1-FDD0D670B28D}.Release|Any CPU.Build.0 = Release|Any CPU
		{AEBEBD43-0057-440C-95CA-9F39AACEB2EE}.Debug|Any CPU.ActiveCfg = Debug|Any CPU
		{AEBEBD43-0057-440C-95CA-9F39AACEB2EE}.Debug|Any CPU.Build.0 = Debug|Any CPU
		{AEBEBD43-0057-440C-95CA-9F39AACEB2EE}.Release|Any CPU.ActiveCfg = Release|Any CPU
		{AEBEBD43-0057-440C-95CA-9F39AACEB2EE}.Release|Any CPU.Build.0 = Release|Any CPU
	EndGlobalSection
	GlobalSection(SolutionProperties) = preSolution
		HideSolutionNode = FALSE
	EndGlobalSection
	GlobalSection(ExtensibilityGlobals) = postSolution
		SolutionGuid = {7B2CD9B4-A10D-4070-AC4C-E47216908C3F}
	EndGlobalSection
EndGlobal
